// !$*UTF8*$!
{
	archiveVersion = 1;
	classes = {
	};
	objectVersion = 50;
	objects = {

/* Begin PBXBuildFile section */
		3D61E4022299E1EC009D6202 /* RoomCell.swift in Sources */ = {isa = PBXBuildFile; fileRef = 3D61E4012299E1EC009D6202 /* RoomCell.swift */; };
		3D61E4052299EAA4009D6202 /* RoomInfo.swift in Sources */ = {isa = PBXBuildFile; fileRef = 3D61E4042299EAA4009D6202 /* RoomInfo.swift */; };
		3D61E40722A00D3A009D6202 /* RoomSetupViewController.swift in Sources */ = {isa = PBXBuildFile; fileRef = 3D61E40622A00D3A009D6202 /* RoomSetupViewController.swift */; };
		3D61E40B22A063E6009D6202 /* RoomSetupCell.swift in Sources */ = {isa = PBXBuildFile; fileRef = 3D61E40A22A063E6009D6202 /* RoomSetupCell.swift */; };
		3D61E40F22A15295009D6202 /* CreateRoomViewController.swift in Sources */ = {isa = PBXBuildFile; fileRef = 3D61E40E22A15295009D6202 /* CreateRoomViewController.swift */; };
		3DA68688228E9D5000862AF3 /* AppDelegate.swift in Sources */ = {isa = PBXBuildFile; fileRef = 3DA68687228E9D5000862AF3 /* AppDelegate.swift */; };
		3DA6868D228E9D5000862AF3 /* Main.storyboard in Resources */ = {isa = PBXBuildFile; fileRef = 3DA6868B228E9D5000862AF3 /* Main.storyboard */; };
		3DA6868F228E9D5000862AF3 /* Assets.xcassets in Resources */ = {isa = PBXBuildFile; fileRef = 3DA6868E228E9D5000862AF3 /* Assets.xcassets */; };
		3DA68692228E9D5000862AF3 /* LaunchScreen.storyboard in Resources */ = {isa = PBXBuildFile; fileRef = 3DA68690228E9D5000862AF3 /* LaunchScreen.storyboard */; };
		3DA6869B228ECBEC00862AF3 /* ConnectBridgeViewController.swift in Sources */ = {isa = PBXBuildFile; fileRef = 3DA6869A228ECBEC00862AF3 /* ConnectBridgeViewController.swift */; };
		3DA6869D2291F42A00862AF3 /* SearchBridgeViewController.swift in Sources */ = {isa = PBXBuildFile; fileRef = 3DA6869C2291F42A00862AF3 /* SearchBridgeViewController.swift */; };
		3DA6869F22920BDB00862AF3 /* BridgeInfo.swift in Sources */ = {isa = PBXBuildFile; fileRef = 3DA6869E22920BDB00862AF3 /* BridgeInfo.swift */; };
		3DA6EEB322940A48006EE78D /* PushLinkViewController.swift in Sources */ = {isa = PBXBuildFile; fileRef = 3DA6EEB222940A48006EE78D /* PushLinkViewController.swift */; };
		3DA6EEB522955DFC006EE78D /* RoomsViewController.swift in Sources */ = {isa = PBXBuildFile; fileRef = 3DA6EEB422955DFC006EE78D /* RoomsViewController.swift */; };
		3DB3461A22A1C533009BE662 /* CreateRoomCell.swift in Sources */ = {isa = PBXBuildFile; fileRef = 3DB3461922A1C533009BE662 /* CreateRoomCell.swift */; };
		3DB3461C22A1D850009BE662 /* SearchNewLightsViewController.swift in Sources */ = {isa = PBXBuildFile; fileRef = 3DB3461B22A1D850009BE662 /* SearchNewLightsViewController.swift */; };
		3DB3461E22A30C2B009BE662 /* LightInfo.swift in Sources */ = {isa = PBXBuildFile; fileRef = 3DB3461D22A30C2B009BE662 /* LightInfo.swift */; };
		3DB3462022A30E3B009BE662 /* LightState.swift in Sources */ = {isa = PBXBuildFile; fileRef = 3DB3461F22A30E3B009BE662 /* LightState.swift */; };
		3DB3462222A312D6009BE662 /* LightSwUpdate.swift in Sources */ = {isa = PBXBuildFile; fileRef = 3DB3462122A312D6009BE662 /* LightSwUpdate.swift */; };
		3DB3462422A3134B009BE662 /* LightCapabilities.swift in Sources */ = {isa = PBXBuildFile; fileRef = 3DB3462322A3134B009BE662 /* LightCapabilities.swift */; };
		3DB3462622A3156F009BE662 /* LightConfig.swift in Sources */ = {isa = PBXBuildFile; fileRef = 3DB3462522A3156F009BE662 /* LightConfig.swift */; };
		3DB3462822A315F6009BE662 /* LightConfigStartUp.swift in Sources */ = {isa = PBXBuildFile; fileRef = 3DB3462722A315F6009BE662 /* LightConfigStartUp.swift */; };
		3DB3462A22A31A12009BE662 /* LightCapabilitiesControl.swift in Sources */ = {isa = PBXBuildFile; fileRef = 3DB3462922A31A12009BE662 /* LightCapabilitiesControl.swift */; };
		3DB3462C22A31B08009BE662 /* LightCapabilitiesControlCt.swift in Sources */ = {isa = PBXBuildFile; fileRef = 3DB3462B22A31B08009BE662 /* LightCapabilitiesControlCt.swift */; };
		3DB3462E22A31C94009BE662 /* LightsCapabilitiesStreaming.swift in Sources */ = {isa = PBXBuildFile; fileRef = 3DB3462D22A31C94009BE662 /* LightsCapabilitiesStreaming.swift */; };
		3DB3463422A52A92009BE662 /* CustomSlider.swift in Sources */ = {isa = PBXBuildFile; fileRef = 3DB3463322A52A92009BE662 /* CustomSlider.swift */; };
		7D01F6410718320BF7613EC2 /* Pods_HueLit.framework in Frameworks */ = {isa = PBXBuildFile; fileRef = A960F8FB647DA8AB4637D1A5 /* Pods_HueLit.framework */; };
		BB830153229D4E0A00C39CEA /* RoomState.swift in Sources */ = {isa = PBXBuildFile; fileRef = BB830152229D4E0A00C39CEA /* RoomState.swift */; };
		BB830155229D4F3E00C39CEA /* RoomAction.swift in Sources */ = {isa = PBXBuildFile; fileRef = BB830154229D4F3E00C39CEA /* RoomAction.swift */; };
/* End PBXBuildFile section */

/* Begin PBXFileReference section */
		3D61E4012299E1EC009D6202 /* RoomCell.swift */ = {isa = PBXFileReference; lastKnownFileType = sourcecode.swift; path = RoomCell.swift; sourceTree = "<group>"; };
		3D61E4042299EAA4009D6202 /* RoomInfo.swift */ = {isa = PBXFileReference; lastKnownFileType = sourcecode.swift; path = RoomInfo.swift; sourceTree = "<group>"; };
		3D61E40622A00D3A009D6202 /* RoomSetupViewController.swift */ = {isa = PBXFileReference; lastKnownFileType = sourcecode.swift; path = RoomSetupViewController.swift; sourceTree = "<group>"; };
		3D61E40A22A063E6009D6202 /* RoomSetupCell.swift */ = {isa = PBXFileReference; lastKnownFileType = sourcecode.swift; path = RoomSetupCell.swift; sourceTree = "<group>"; };
		3D61E40E22A15295009D6202 /* CreateRoomViewController.swift */ = {isa = PBXFileReference; lastKnownFileType = sourcecode.swift; path = CreateRoomViewController.swift; sourceTree = "<group>"; };
		3DA68684228E9D5000862AF3 /* HueLit.app */ = {isa = PBXFileReference; explicitFileType = wrapper.application; includeInIndex = 0; path = HueLit.app; sourceTree = BUILT_PRODUCTS_DIR; };
		3DA68687228E9D5000862AF3 /* AppDelegate.swift */ = {isa = PBXFileReference; lastKnownFileType = sourcecode.swift; path = AppDelegate.swift; sourceTree = "<group>"; };
		3DA6868C228E9D5000862AF3 /* Base */ = {isa = PBXFileReference; lastKnownFileType = file.storyboard; name = Base; path = Base.lproj/Main.storyboard; sourceTree = "<group>"; };
		3DA6868E228E9D5000862AF3 /* Assets.xcassets */ = {isa = PBXFileReference; lastKnownFileType = folder.assetcatalog; path = Assets.xcassets; sourceTree = "<group>"; };
		3DA68691228E9D5000862AF3 /* Base */ = {isa = PBXFileReference; lastKnownFileType = file.storyboard; name = Base; path = Base.lproj/LaunchScreen.storyboard; sourceTree = "<group>"; };
		3DA68693228E9D5000862AF3 /* Info.plist */ = {isa = PBXFileReference; lastKnownFileType = text.plist.xml; path = Info.plist; sourceTree = "<group>"; };
		3DA6869A228ECBEC00862AF3 /* ConnectBridgeViewController.swift */ = {isa = PBXFileReference; lastKnownFileType = sourcecode.swift; path = ConnectBridgeViewController.swift; sourceTree = "<group>"; };
		3DA6869C2291F42A00862AF3 /* SearchBridgeViewController.swift */ = {isa = PBXFileReference; lastKnownFileType = sourcecode.swift; path = SearchBridgeViewController.swift; sourceTree = "<group>"; };
		3DA6869E22920BDB00862AF3 /* BridgeInfo.swift */ = {isa = PBXFileReference; lastKnownFileType = sourcecode.swift; path = BridgeInfo.swift; sourceTree = "<group>"; };
		3DA6EEB222940A48006EE78D /* PushLinkViewController.swift */ = {isa = PBXFileReference; lastKnownFileType = sourcecode.swift; path = PushLinkViewController.swift; sourceTree = "<group>"; };
		3DA6EEB422955DFC006EE78D /* RoomsViewController.swift */ = {isa = PBXFileReference; lastKnownFileType = sourcecode.swift; path = RoomsViewController.swift; sourceTree = "<group>"; };
		3DB3461922A1C533009BE662 /* CreateRoomCell.swift */ = {isa = PBXFileReference; lastKnownFileType = sourcecode.swift; path = CreateRoomCell.swift; sourceTree = "<group>"; };
		3DB3461B22A1D850009BE662 /* SearchNewLightsViewController.swift */ = {isa = PBXFileReference; lastKnownFileType = sourcecode.swift; path = SearchNewLightsViewController.swift; sourceTree = "<group>"; };
		3DB3461D22A30C2B009BE662 /* LightInfo.swift */ = {isa = PBXFileReference; lastKnownFileType = sourcecode.swift; path = LightInfo.swift; sourceTree = "<group>"; };
		3DB3461F22A30E3B009BE662 /* LightState.swift */ = {isa = PBXFileReference; lastKnownFileType = sourcecode.swift; path = LightState.swift; sourceTree = "<group>"; };
		3DB3462122A312D6009BE662 /* LightSwUpdate.swift */ = {isa = PBXFileReference; lastKnownFileType = sourcecode.swift; path = LightSwUpdate.swift; sourceTree = "<group>"; };
		3DB3462322A3134B009BE662 /* LightCapabilities.swift */ = {isa = PBXFileReference; lastKnownFileType = sourcecode.swift; path = LightCapabilities.swift; sourceTree = "<group>"; };
		3DB3462522A3156F009BE662 /* LightConfig.swift */ = {isa = PBXFileReference; lastKnownFileType = sourcecode.swift; path = LightConfig.swift; sourceTree = "<group>"; };
		3DB3462722A315F6009BE662 /* LightConfigStartUp.swift */ = {isa = PBXFileReference; lastKnownFileType = sourcecode.swift; path = LightConfigStartUp.swift; sourceTree = "<group>"; };
		3DB3462922A31A12009BE662 /* LightCapabilitiesControl.swift */ = {isa = PBXFileReference; lastKnownFileType = sourcecode.swift; path = LightCapabilitiesControl.swift; sourceTree = "<group>"; };
		3DB3462B22A31B08009BE662 /* LightCapabilitiesControlCt.swift */ = {isa = PBXFileReference; lastKnownFileType = sourcecode.swift; path = LightCapabilitiesControlCt.swift; sourceTree = "<group>"; };
		3DB3462D22A31C94009BE662 /* LightsCapabilitiesStreaming.swift */ = {isa = PBXFileReference; lastKnownFileType = sourcecode.swift; path = LightsCapabilitiesStreaming.swift; sourceTree = "<group>"; };
		3DB3463322A52A92009BE662 /* CustomSlider.swift */ = {isa = PBXFileReference; lastKnownFileType = sourcecode.swift; path = CustomSlider.swift; sourceTree = "<group>"; };
		4D99263208270FEFD445DE15 /* Pods-HueLit.debug.xcconfig */ = {isa = PBXFileReference; includeInIndex = 1; lastKnownFileType = text.xcconfig; name = "Pods-HueLit.debug.xcconfig"; path = "Target Support Files/Pods-HueLit/Pods-HueLit.debug.xcconfig"; sourceTree = "<group>"; };
		830F46CD550A86F8893DCCBC /* Pods-HueLit.release.xcconfig */ = {isa = PBXFileReference; includeInIndex = 1; lastKnownFileType = text.xcconfig; name = "Pods-HueLit.release.xcconfig"; path = "Target Support Files/Pods-HueLit/Pods-HueLit.release.xcconfig"; sourceTree = "<group>"; };
		A960F8FB647DA8AB4637D1A5 /* Pods_HueLit.framework */ = {isa = PBXFileReference; explicitFileType = wrapper.framework; includeInIndex = 0; path = Pods_HueLit.framework; sourceTree = BUILT_PRODUCTS_DIR; };
		BB830152229D4E0A00C39CEA /* RoomState.swift */ = {isa = PBXFileReference; lastKnownFileType = sourcecode.swift; path = RoomState.swift; sourceTree = "<group>"; };
		BB830154229D4F3E00C39CEA /* RoomAction.swift */ = {isa = PBXFileReference; lastKnownFileType = sourcecode.swift; path = RoomAction.swift; sourceTree = "<group>"; };
/* End PBXFileReference section */

/* Begin PBXFrameworksBuildPhase section */
		3DA68681228E9D5000862AF3 /* Frameworks */ = {
			isa = PBXFrameworksBuildPhase;
			buildActionMask = 2147483647;
			files = (
				7D01F6410718320BF7613EC2 /* Pods_HueLit.framework in Frameworks */,
			);
			runOnlyForDeploymentPostprocessing = 0;
		};
/* End PBXFrameworksBuildPhase section */

/* Begin PBXGroup section */
		3399BFDDA9E5DAEC1E0D6ECA /* Pods */ = {
			isa = PBXGroup;
			children = (
				4D99263208270FEFD445DE15 /* Pods-HueLit.debug.xcconfig */,
				830F46CD550A86F8893DCCBC /* Pods-HueLit.release.xcconfig */,
			);
			path = Pods;
			sourceTree = "<group>";
		};
		3D61E4002299E1CD009D6202 /* Cells */ = {
			isa = PBXGroup;
			children = (
				3D61E4012299E1EC009D6202 /* RoomCell.swift */,
				3D61E40A22A063E6009D6202 /* RoomSetupCell.swift */,
				3DB3461922A1C533009BE662 /* CreateRoomCell.swift */,
			);
			path = Cells;
			sourceTree = "<group>";
		};
		3D61E4032299EA83009D6202 /* Models */ = {
			isa = PBXGroup;
			children = (
				3DB3463122A31DBC009BE662 /* Bridge */,
				3DB3463022A31DA8009BE662 /* Light */,
				3DB3462F22A31D5E009BE662 /* Room */,
			);
			path = Models;
			sourceTree = "<group>";
		};
		3DA6867B228E9D5000862AF3 = {
			isa = PBXGroup;
			children = (
				3DA68686228E9D5000862AF3 /* HueLit */,
				3DA68685228E9D5000862AF3 /* Products */,
				3399BFDDA9E5DAEC1E0D6ECA /* Pods */,
				C6E673FE23AF5DE27FC00ACB /* Frameworks */,
			);
			sourceTree = "<group>";
		};
		3DA68685228E9D5000862AF3 /* Products */ = {
			isa = PBXGroup;
			children = (
				3DA68684228E9D5000862AF3 /* HueLit.app */,
			);
			name = Products;
			sourceTree = "<group>";
		};
		3DA68686228E9D5000862AF3 /* HueLit */ = {
			isa = PBXGroup;
			children = (
				3DB3463222A52A5F009BE662 /* CustomComponents */,
				3D61E4032299EA83009D6202 /* Models */,
				3D61E4002299E1CD009D6202 /* Cells */,
				3DA68699228ECBBD00862AF3 /* ViewControllers */,
				3DA68687228E9D5000862AF3 /* AppDelegate.swift */,
				3DA6868B228E9D5000862AF3 /* Main.storyboard */,
				3DA6868E228E9D5000862AF3 /* Assets.xcassets */,
				3DA68690228E9D5000862AF3 /* LaunchScreen.storyboard */,
				3DA68693228E9D5000862AF3 /* Info.plist */,
			);
			path = HueLit;
			sourceTree = "<group>";
		};
		3DA68699228ECBBD00862AF3 /* ViewControllers */ = {
			isa = PBXGroup;
			children = (
				3DA6869A228ECBEC00862AF3 /* ConnectBridgeViewController.swift */,
				3DA6869C2291F42A00862AF3 /* SearchBridgeViewController.swift */,
				3DA6EEB222940A48006EE78D /* PushLinkViewController.swift */,
				3DA6EEB422955DFC006EE78D /* RoomsViewController.swift */,
				3D61E40622A00D3A009D6202 /* RoomSetupViewController.swift */,
				3D61E40E22A15295009D6202 /* CreateRoomViewController.swift */,
				3DB3461B22A1D850009BE662 /* SearchNewLightsViewController.swift */,
			);
			path = ViewControllers;
			sourceTree = "<group>";
		};
		3DB3462F22A31D5E009BE662 /* Room */ = {
			isa = PBXGroup;
			children = (
				3D61E4042299EAA4009D6202 /* RoomInfo.swift */,
				BB830152229D4E0A00C39CEA /* RoomState.swift */,
				BB830154229D4F3E00C39CEA /* RoomAction.swift */,
			);
			path = Room;
			sourceTree = "<group>";
		};
		3DB3463022A31DA8009BE662 /* Light */ = {
			isa = PBXGroup;
			children = (
				3DB3461D22A30C2B009BE662 /* LightInfo.swift */,
				3DB3461F22A30E3B009BE662 /* LightState.swift */,
				3DB3462122A312D6009BE662 /* LightSwUpdate.swift */,
				3DB3462322A3134B009BE662 /* LightCapabilities.swift */,
				3DB3462522A3156F009BE662 /* LightConfig.swift */,
				3DB3462722A315F6009BE662 /* LightConfigStartUp.swift */,
				3DB3462922A31A12009BE662 /* LightCapabilitiesControl.swift */,
				3DB3462B22A31B08009BE662 /* LightCapabilitiesControlCt.swift */,
				3DB3462D22A31C94009BE662 /* LightsCapabilitiesStreaming.swift */,
			);
			path = Light;
			sourceTree = "<group>";
		};
		3DB3463122A31DBC009BE662 /* Bridge */ = {
			isa = PBXGroup;
			children = (
				3DA6869E22920BDB00862AF3 /* BridgeInfo.swift */,
			);
			path = Bridge;
			sourceTree = "<group>";
		};
		3DB3463222A52A5F009BE662 /* CustomComponents */ = {
			isa = PBXGroup;
			children = (
				3DB3463322A52A92009BE662 /* CustomSlider.swift */,
			);
			path = CustomComponents;
			sourceTree = "<group>";
		};
		C6E673FE23AF5DE27FC00ACB /* Frameworks */ = {
			isa = PBXGroup;
			children = (
				A960F8FB647DA8AB4637D1A5 /* Pods_HueLit.framework */,
			);
			name = Frameworks;
			sourceTree = "<group>";
		};
/* End PBXGroup section */

/* Begin PBXNativeTarget section */
		3DA68683228E9D5000862AF3 /* HueLit */ = {
			isa = PBXNativeTarget;
			buildConfigurationList = 3DA68696228E9D5000862AF3 /* Build configuration list for PBXNativeTarget "HueLit" */;
			buildPhases = (
				7E71AAF882A28AC34301B418 /* [CP] Check Pods Manifest.lock */,
				3DA68680228E9D5000862AF3 /* Sources */,
				3DA68681228E9D5000862AF3 /* Frameworks */,
				3DA68682228E9D5000862AF3 /* Resources */,
				FF6B2267B220B306161ACDBB /* [CP] Embed Pods Frameworks */,
			);
			buildRules = (
			);
			dependencies = (
			);
			name = HueLit;
			productName = HueLit;
			productReference = 3DA68684228E9D5000862AF3 /* HueLit.app */;
			productType = "com.apple.product-type.application";
		};
/* End PBXNativeTarget section */

/* Begin PBXProject section */
		3DA6867C228E9D5000862AF3 /* Project object */ = {
			isa = PBXProject;
			attributes = {
				LastSwiftUpdateCheck = 1020;
				LastUpgradeCheck = 1020;
				ORGANIZATIONNAME = "Christian Persson";
				TargetAttributes = {
					3DA68683228E9D5000862AF3 = {
						CreatedOnToolsVersion = 10.2.1;
					};
				};
			};
			buildConfigurationList = 3DA6867F228E9D5000862AF3 /* Build configuration list for PBXProject "HueLit" */;
			compatibilityVersion = "Xcode 9.3";
			developmentRegion = en;
			hasScannedForEncodings = 0;
			knownRegions = (
				en,
				Base,
			);
			mainGroup = 3DA6867B228E9D5000862AF3;
			productRefGroup = 3DA68685228E9D5000862AF3 /* Products */;
			projectDirPath = "";
			projectRoot = "";
			targets = (
				3DA68683228E9D5000862AF3 /* HueLit */,
			);
		};
/* End PBXProject section */

/* Begin PBXResourcesBuildPhase section */
		3DA68682228E9D5000862AF3 /* Resources */ = {
			isa = PBXResourcesBuildPhase;
			buildActionMask = 2147483647;
			files = (
				3DA68692228E9D5000862AF3 /* LaunchScreen.storyboard in Resources */,
				3DA6868F228E9D5000862AF3 /* Assets.xcassets in Resources */,
				3DA6868D228E9D5000862AF3 /* Main.storyboard in Resources */,
			);
			runOnlyForDeploymentPostprocessing = 0;
		};
/* End PBXResourcesBuildPhase section */

/* Begin PBXShellScriptBuildPhase section */
		7E71AAF882A28AC34301B418 /* [CP] Check Pods Manifest.lock */ = {
			isa = PBXShellScriptBuildPhase;
			buildActionMask = 2147483647;
			files = (
			);
			inputFileListPaths = (
			);
			inputPaths = (
				"${PODS_PODFILE_DIR_PATH}/Podfile.lock",
				"${PODS_ROOT}/Manifest.lock",
			);
			name = "[CP] Check Pods Manifest.lock";
			outputFileListPaths = (
			);
			outputPaths = (
				"$(DERIVED_FILE_DIR)/Pods-HueLit-checkManifestLockResult.txt",
			);
			runOnlyForDeploymentPostprocessing = 0;
			shellPath = /bin/sh;
			shellScript = "diff \"${PODS_PODFILE_DIR_PATH}/Podfile.lock\" \"${PODS_ROOT}/Manifest.lock\" > /dev/null\nif [ $? != 0 ] ; then\n    # print error to STDERR\n    echo \"error: The sandbox is not in sync with the Podfile.lock. Run 'pod install' or update your CocoaPods installation.\" >&2\n    exit 1\nfi\n# This output is used by Xcode 'outputs' to avoid re-running this script phase.\necho \"SUCCESS\" > \"${SCRIPT_OUTPUT_FILE_0}\"\n";
			showEnvVarsInLog = 0;
		};
		FF6B2267B220B306161ACDBB /* [CP] Embed Pods Frameworks */ = {
			isa = PBXShellScriptBuildPhase;
			buildActionMask = 2147483647;
			files = (
			);
			inputFileListPaths = (
			);
			inputPaths = (
				"${PODS_ROOT}/Target Support Files/Pods-HueLit/Pods-HueLit-frameworks.sh",
				"${BUILT_PRODUCTS_DIR}/Alamofire/Alamofire.framework",
				"${BUILT_PRODUCTS_DIR}/SwiftyJSON/SwiftyJSON.framework",
			);
			name = "[CP] Embed Pods Frameworks";
			outputFileListPaths = (
			);
			outputPaths = (
				"${TARGET_BUILD_DIR}/${FRAMEWORKS_FOLDER_PATH}/Alamofire.framework",
				"${TARGET_BUILD_DIR}/${FRAMEWORKS_FOLDER_PATH}/SwiftyJSON.framework",
			);
			runOnlyForDeploymentPostprocessing = 0;
			shellPath = /bin/sh;
			shellScript = "\"${PODS_ROOT}/Target Support Files/Pods-HueLit/Pods-HueLit-frameworks.sh\"\n";
			showEnvVarsInLog = 0;
		};
/* End PBXShellScriptBuildPhase section */

/* Begin PBXSourcesBuildPhase section */
		3DA68680228E9D5000862AF3 /* Sources */ = {
			isa = PBXSourcesBuildPhase;
			buildActionMask = 2147483647;
			files = (
				3DB3461A22A1C533009BE662 /* CreateRoomCell.swift in Sources */,
				3DB3462C22A31B08009BE662 /* LightCapabilitiesControlCt.swift in Sources */,
				3DA6869B228ECBEC00862AF3 /* ConnectBridgeViewController.swift in Sources */,
				3DB3462022A30E3B009BE662 /* LightState.swift in Sources */,
				3DB3462A22A31A12009BE662 /* LightCapabilitiesControl.swift in Sources */,
				3DB3461E22A30C2B009BE662 /* LightInfo.swift in Sources */,
				3D61E40722A00D3A009D6202 /* RoomSetupViewController.swift in Sources */,
				3DA6EEB522955DFC006EE78D /* RoomsViewController.swift in Sources */,
				3D61E40F22A15295009D6202 /* CreateRoomViewController.swift in Sources */,
				3DB3462E22A31C94009BE662 /* LightsCapabilitiesStreaming.swift in Sources */,
				3DB3462222A312D6009BE662 /* LightSwUpdate.swift in Sources */,
				BB830155229D4F3E00C39CEA /* RoomAction.swift in Sources */,
				3DB3462422A3134B009BE662 /* LightCapabilities.swift in Sources */,
				3D61E40B22A063E6009D6202 /* RoomSetupCell.swift in Sources */,
				3D61E4052299EAA4009D6202 /* RoomInfo.swift in Sources */,
				3DA68688228E9D5000862AF3 /* AppDelegate.swift in Sources */,
				3D61E4022299E1EC009D6202 /* RoomCell.swift in Sources */,
				3DA6869F22920BDB00862AF3 /* BridgeInfo.swift in Sources */,
				BB830153229D4E0A00C39CEA /* RoomState.swift in Sources */,
				3DB3462822A315F6009BE662 /* LightConfigStartUp.swift in Sources */,
				3DA6EEB322940A48006EE78D /* PushLinkViewController.swift in Sources */,
				3DB3463422A52A92009BE662 /* CustomSlider.swift in Sources */,
				3DB3461C22A1D850009BE662 /* SearchNewLightsViewController.swift in Sources */,
				3DB3462622A3156F009BE662 /* LightConfig.swift in Sources */,
				3DA6869D2291F42A00862AF3 /* SearchBridgeViewController.swift in Sources */,
			);
			runOnlyForDeploymentPostprocessing = 0;
		};
/* End PBXSourcesBuildPhase section */

/* Begin PBXVariantGroup section */
		3DA6868B228E9D5000862AF3 /* Main.storyboard */ = {
			isa = PBXVariantGroup;
			children = (
				3DA6868C228E9D5000862AF3 /* Base */,
			);
			name = Main.storyboard;
			sourceTree = "<group>";
		};
		3DA68690228E9D5000862AF3 /* LaunchScreen.storyboard */ = {
			isa = PBXVariantGroup;
			children = (
				3DA68691228E9D5000862AF3 /* Base */,
			);
			name = LaunchScreen.storyboard;
			sourceTree = "<group>";
		};
/* End PBXVariantGroup section */

/* Begin XCBuildConfiguration section */
		3DA68694228E9D5000862AF3 /* Debug */ = {
			isa = XCBuildConfiguration;
			buildSettings = {
				ALWAYS_SEARCH_USER_PATHS = NO;
				CLANG_ANALYZER_NONNULL = YES;
				CLANG_ANALYZER_NUMBER_OBJECT_CONVERSION = YES_AGGRESSIVE;
				CLANG_CXX_LANGUAGE_STANDARD = "gnu++14";
				CLANG_CXX_LIBRARY = "libc++";
				CLANG_ENABLE_MODULES = YES;
				CLANG_ENABLE_OBJC_ARC = YES;
				CLANG_ENABLE_OBJC_WEAK = YES;
				CLANG_WARN_BLOCK_CAPTURE_AUTORELEASING = YES;
				CLANG_WARN_BOOL_CONVERSION = YES;
				CLANG_WARN_COMMA = YES;
				CLANG_WARN_CONSTANT_CONVERSION = YES;
				CLANG_WARN_DEPRECATED_OBJC_IMPLEMENTATIONS = YES;
				CLANG_WARN_DIRECT_OBJC_ISA_USAGE = YES_ERROR;
				CLANG_WARN_DOCUMENTATION_COMMENTS = YES;
				CLANG_WARN_EMPTY_BODY = YES;
				CLANG_WARN_ENUM_CONVERSION = YES;
				CLANG_WARN_INFINITE_RECURSION = YES;
				CLANG_WARN_INT_CONVERSION = YES;
				CLANG_WARN_NON_LITERAL_NULL_CONVERSION = YES;
				CLANG_WARN_OBJC_IMPLICIT_RETAIN_SELF = YES;
				CLANG_WARN_OBJC_LITERAL_CONVERSION = YES;
				CLANG_WARN_OBJC_ROOT_CLASS = YES_ERROR;
				CLANG_WARN_RANGE_LOOP_ANALYSIS = YES;
				CLANG_WARN_STRICT_PROTOTYPES = YES;
				CLANG_WARN_SUSPICIOUS_MOVE = YES;
				CLANG_WARN_UNGUARDED_AVAILABILITY = YES_AGGRESSIVE;
				CLANG_WARN_UNREACHABLE_CODE = YES;
				CLANG_WARN__DUPLICATE_METHOD_MATCH = YES;
				CODE_SIGN_IDENTITY = "iPhone Developer";
				COPY_PHASE_STRIP = NO;
				DEBUG_INFORMATION_FORMAT = dwarf;
				ENABLE_STRICT_OBJC_MSGSEND = YES;
				ENABLE_TESTABILITY = YES;
				GCC_C_LANGUAGE_STANDARD = gnu11;
				GCC_DYNAMIC_NO_PIC = NO;
				GCC_NO_COMMON_BLOCKS = YES;
				GCC_OPTIMIZATION_LEVEL = 0;
				GCC_PREPROCESSOR_DEFINITIONS = (
					"DEBUG=1",
					"$(inherited)",
				);
				GCC_WARN_64_TO_32_BIT_CONVERSION = YES;
				GCC_WARN_ABOUT_RETURN_TYPE = YES_ERROR;
				GCC_WARN_UNDECLARED_SELECTOR = YES;
				GCC_WARN_UNINITIALIZED_AUTOS = YES_AGGRESSIVE;
				GCC_WARN_UNUSED_FUNCTION = YES;
				GCC_WARN_UNUSED_VARIABLE = YES;
				IPHONEOS_DEPLOYMENT_TARGET = 12.2;
				MTL_ENABLE_DEBUG_INFO = INCLUDE_SOURCE;
				MTL_FAST_MATH = YES;
				ONLY_ACTIVE_ARCH = YES;
				SDKROOT = iphoneos;
				SWIFT_ACTIVE_COMPILATION_CONDITIONS = DEBUG;
				SWIFT_OPTIMIZATION_LEVEL = "-Onone";
			};
			name = Debug;
		};
		3DA68695228E9D5000862AF3 /* Release */ = {
			isa = XCBuildConfiguration;
			buildSettings = {
				ALWAYS_SEARCH_USER_PATHS = NO;
				CLANG_ANALYZER_NONNULL = YES;
				CLANG_ANALYZER_NUMBER_OBJECT_CONVERSION = YES_AGGRESSIVE;
				CLANG_CXX_LANGUAGE_STANDARD = "gnu++14";
				CLANG_CXX_LIBRARY = "libc++";
				CLANG_ENABLE_MODULES = YES;
				CLANG_ENABLE_OBJC_ARC = YES;
				CLANG_ENABLE_OBJC_WEAK = YES;
				CLANG_WARN_BLOCK_CAPTURE_AUTORELEASING = YES;
				CLANG_WARN_BOOL_CONVERSION = YES;
				CLANG_WARN_COMMA = YES;
				CLANG_WARN_CONSTANT_CONVERSION = YES;
				CLANG_WARN_DEPRECATED_OBJC_IMPLEMENTATIONS = YES;
				CLANG_WARN_DIRECT_OBJC_ISA_USAGE = YES_ERROR;
				CLANG_WARN_DOCUMENTATION_COMMENTS = YES;
				CLANG_WARN_EMPTY_BODY = YES;
				CLANG_WARN_ENUM_CONVERSION = YES;
				CLANG_WARN_INFINITE_RECURSION = YES;
				CLANG_WARN_INT_CONVERSION = YES;
				CLANG_WARN_NON_LITERAL_NULL_CONVERSION = YES;
				CLANG_WARN_OBJC_IMPLICIT_RETAIN_SELF = YES;
				CLANG_WARN_OBJC_LITERAL_CONVERSION = YES;
				CLANG_WARN_OBJC_ROOT_CLASS = YES_ERROR;
				CLANG_WARN_RANGE_LOOP_ANALYSIS = YES;
				CLANG_WARN_STRICT_PROTOTYPES = YES;
				CLANG_WARN_SUSPICIOUS_MOVE = YES;
				CLANG_WARN_UNGUARDED_AVAILABILITY = YES_AGGRESSIVE;
				CLANG_WARN_UNREACHABLE_CODE = YES;
				CLANG_WARN__DUPLICATE_METHOD_MATCH = YES;
				CODE_SIGN_IDENTITY = "iPhone Developer";
				COPY_PHASE_STRIP = NO;
				DEBUG_INFORMATION_FORMAT = "dwarf-with-dsym";
				ENABLE_NS_ASSERTIONS = NO;
				ENABLE_STRICT_OBJC_MSGSEND = YES;
				GCC_C_LANGUAGE_STANDARD = gnu11;
				GCC_NO_COMMON_BLOCKS = YES;
				GCC_WARN_64_TO_32_BIT_CONVERSION = YES;
				GCC_WARN_ABOUT_RETURN_TYPE = YES_ERROR;
				GCC_WARN_UNDECLARED_SELECTOR = YES;
				GCC_WARN_UNINITIALIZED_AUTOS = YES_AGGRESSIVE;
				GCC_WARN_UNUSED_FUNCTION = YES;
				GCC_WARN_UNUSED_VARIABLE = YES;
				IPHONEOS_DEPLOYMENT_TARGET = 12.2;
				MTL_ENABLE_DEBUG_INFO = NO;
				MTL_FAST_MATH = YES;
				SDKROOT = iphoneos;
				SWIFT_COMPILATION_MODE = wholemodule;
				SWIFT_OPTIMIZATION_LEVEL = "-O";
				VALIDATE_PRODUCT = YES;
			};
			name = Release;
		};
		3DA68697228E9D5000862AF3 /* Debug */ = {
			isa = XCBuildConfiguration;
			baseConfigurationReference = 4D99263208270FEFD445DE15 /* Pods-HueLit.debug.xcconfig */;
			buildSettings = {
				ASSETCATALOG_COMPILER_APPICON_NAME = AppIcon;
				CODE_SIGN_STYLE = Automatic;
				DEVELOPMENT_TEAM = JB3RAWTSFE;
				INFOPLIST_FILE = HueLit/Info.plist;
				LD_RUNPATH_SEARCH_PATHS = (
					"$(inherited)",
					"@executable_path/Frameworks",
				);
				PRODUCT_BUNDLE_IDENTIFIER = com.christian.HueLit;
				PRODUCT_NAME = "$(TARGET_NAME)";
				SWIFT_VERSION = 5.0;
				TARGETED_DEVICE_FAMILY = "1,2";
			};
			name = Debug;
		};
		3DA68698228E9D5000862AF3 /* Release */ = {
			isa = XCBuildConfiguration;
			baseConfigurationReference = 830F46CD550A86F8893DCCBC /* Pods-HueLit.release.xcconfig */;
			buildSettings = {
				ASSETCATALOG_COMPILER_APPICON_NAME = AppIcon;
				CODE_SIGN_STYLE = Automatic;
				DEVELOPMENT_TEAM = JB3RAWTSFE;
				INFOPLIST_FILE = HueLit/Info.plist;
				LD_RUNPATH_SEARCH_PATHS = (
					"$(inherited)",
					"@executable_path/Frameworks",
				);
				PRODUCT_BUNDLE_IDENTIFIER = com.christian.HueLit;
				PRODUCT_NAME = "$(TARGET_NAME)";
				SWIFT_VERSION = 5.0;
				TARGETED_DEVICE_FAMILY = "1,2";
			};
			name = Release;
		};
/* End XCBuildConfiguration section */

/* Begin XCConfigurationList section */
		3DA6867F228E9D5000862AF3 /* Build configuration list for PBXProject "HueLit" */ = {
			isa = XCConfigurationList;
			buildConfigurations = (
				3DA68694228E9D5000862AF3 /* Debug */,
				3DA68695228E9D5000862AF3 /* Release */,
			);
			defaultConfigurationIsVisible = 0;
			defaultConfigurationName = Release;
		};
		3DA68696228E9D5000862AF3 /* Build configuration list for PBXNativeTarget "HueLit" */ = {
			isa = XCConfigurationList;
			buildConfigurations = (
				3DA68697228E9D5000862AF3 /* Debug */,
				3DA68698228E9D5000862AF3 /* Release */,
			);
			defaultConfigurationIsVisible = 0;
			defaultConfigurationName = Release;
		};
/* End XCConfigurationList section */
	};
	rootObject = 3DA6867C228E9D5000862AF3 /* Project object */;
}
